
Microsoft Visual Studio Solution File, Format Version 12.00
# Visual Studio 14
VisualStudioVersion = 14.0.25420.1
MinimumVisualStudioVersion = 10.0.40219.1
Project("{E24C65DC-7377-472B-9ABA-BC803B73C61A}") = "ResponsiveWebsite", "..\..\WebSites\ResponsiveWebsite\", "{DD1CA3B8-E1F5-45A8-9B20-8281BF763457}"
	ProjectSection(WebsiteProperties) = preProject
		TargetFrameworkMoniker = ".NETFramework,Version%3Dv4.5.2"
		Debug.AspNetCompiler.VirtualPath = "/localhost_3216"
		Debug.AspNetCompiler.PhysicalPath = "..\..\WebSites\ResponsiveWebsite\"
		Debug.AspNetCompiler.TargetPath = "PrecompiledWeb\localhost_3216\"
		Debug.AspNetCompiler.Updateable = "true"
		Debug.AspNetCompiler.ForceOverwrite = "true"
		Debug.AspNetCompiler.FixedNames = "false"
		Debug.AspNetCompiler.Debug = "True"
		Release.AspNetCompiler.VirtualPath = "/localhost_3216"
		Release.AspNetCompiler.PhysicalPath = "..\..\WebSites\ResponsiveWebsite\"
		Release.AspNetCompiler.TargetPath = "PrecompiledWeb\localhost_3216\"
		Release.AspNetCompiler.Updateable = "true"
		Release.AspNetCompiler.ForceOverwrite = "true"
		Release.AspNetCompiler.FixedNames = "false"
		Release.AspNetCompiler.Debug = "False"
		VWDPort = "3216"
		SlnRelativePath = "..\..\WebSites\ResponsiveWebsite\"
		DefaultWebSiteLanguage = "Visual C#"
	EndProjectSection
EndProject
Global
	GlobalSection(SolutionConfigurationPlatforms) = preSolution
		Debug|Any CPU = Debug|Any CPU
	EndGlobalSection
	GlobalSection(ProjectConfigurationPlatforms) = postSolution
		{DD1CA3B8-E1F5-45A8-9B20-8281BF763457}.Debug|Any CPU.ActiveCfg = Debug|Any CPU
		{DD1CA3B8-E1F5-45A8-9B20-8281BF763457}.Debug|Any CPU.Build.0 = Debug|Any CPU
	EndGlobalSection
	GlobalSection(SolutionProperties) = preSolution
		HideSolutionNode = FALSE
	EndGlobalSection
EndGlobal
